
Microsoft Visual Studio Solution File, Format Version 12.00
# Visual Studio Version 17
VisualStudioVersion = 17.6.33723.286
MinimumVisualStudioVersion = 10.0.40219.1
Project("{FAE04EC0-301F-11D3-BF4B-00C04F79EFBC}") = "Structure.WebAppMvc", "Structure.WebAppMvc\Structure.WebAppMvc.csproj", "{0237CB9D-7CB6-4528-825F-F16D65E6ADE2}"
EndProject
Global
	GlobalSection(SolutionConfigurationPlatforms) = preSolution
		Debug|Any CPU = Debug|Any CPU
		Release|Any CPU = Release|Any CPU
	EndGlobalSection
	GlobalSection(ProjectConfigurationPlatforms) = postSolution
		{0237CB9D-7CB6-4528-825F-F16D65E6ADE2}.Debug|Any CPU.ActiveCfg = Debug|Any CPU
		{0237CB9D-7CB6-4528-825F-F16D65E6ADE2}.Debug|Any CPU.Build.0 = Debug|Any CPU
		{0237CB9D-7CB6-4528-825F-F16D65E6ADE2}.Release|Any CPU.ActiveCfg = Release|Any CPU
		{0237CB9D-7CB6-4528-825F-F16D65E6ADE2}.Release|Any CPU.Build.0 = Release|Any CPU
	EndGlobalSection
	GlobalSection(SolutionProperties) = preSolution
		HideSolutionNode = FALSE
	EndGlobalSection
	GlobalSection(ExtensibilityGlobals) = postSolution
		SolutionGuid = {7D998BCA-1DF9-4AAF-9888-0EF8A4974347}
	EndGlobalSection
EndGlobal
